
Microsoft Visual Studio Solution File, Format Version 12.00
# Visual Studio 15
VisualStudioVersion = 15.0.27004.2002
MinimumVisualStudioVersion = 10.0.40219.1
Project("{FAE04EC0-301F-11D3-BF4B-00C04F79EFBC}") = "Task1", "Task1\Task1.csproj", "{A121DD39-5FEA-4DC7-97F0-93C2D59352E4}"
EndProject
Project("{FAE04EC0-301F-11D3-BF4B-00C04F79EFBC}") = "Task2", "Task2\Task2.csproj", "{6F7BBF90-1283-4766-B0BD-68C4EC2328DF}"
EndProject
Global
	GlobalSection(SolutionConfigurationPlatforms) = preSolution
		Debug|Any CPU = Debug|Any CPU
		Release|Any CPU = Release|Any CPU
	EndGlobalSection
	GlobalSection(ProjectConfigurationPlatforms) = postSolution
		{A121DD39-5FEA-4DC7-97F0-93C2D59352E4}.Debug|Any CPU.ActiveCfg = Debug|Any CPU
		{A121DD39-5FEA-4DC7-97F0-93C2D59352E4}.Debug|Any CPU.Build.0 = Debug|Any CPU
		{A121DD39-5FEA-4DC7-97F0-93C2D59352E4}.Release|Any CPU.ActiveCfg = Release|Any CPU
		{A121DD39-5FEA-4DC7-97F0-93C2D59352E4}.Release|Any CPU.Build.0 = Release|Any CPU
		{6F7BBF90-1283-4766-B0BD-68C4EC2328DF}.Debug|Any CPU.ActiveCfg = Debug|Any CPU
		{6F7BBF90-1283-4766-B0BD-68C4EC2328DF}.Debug|Any CPU.Build.0 = Debug|Any CPU
		{6F7BBF90-1283-4766-B0BD-68C4EC2328DF}.Release|Any CPU.ActiveCfg = Release|Any CPU
		{6F7BBF90-1283-4766-B0BD-68C4EC2328DF}.Release|Any CPU.Build.0 = Release|Any CPU
	EndGlobalSection
	GlobalSection(SolutionProperties) = preSolution
		HideSolutionNode = FALSE
	EndGlobalSection
	GlobalSection(ExtensibilityGlobals) = postSolution
		SolutionGuid = {AED5BEDA-294F-4A96-9D06-DCD054CA274F}
	EndGlobalSection
EndGlobal
